
Microsoft Visual Studio Solution File, Format Version 12.00
# Visual Studio Version 16
VisualStudioVersion = 16.0.31205.134
MinimumVisualStudioVersion = 10.0.40219.1
Project("{FAE04EC0-301F-11D3-BF4B-00C04F79EFBC}") = "Schiffeversenken", "Schiffeversenken.csproj", "{55B88159-1470-4633-BD03-D22314537952}"
EndProject
Global
	GlobalSection(SolutionConfigurationPlatforms) = preSolution
		Debug|Any CPU = Debug|Any CPU
		Release|Any CPU = Release|Any CPU
	EndGlobalSection
	GlobalSection(ProjectConfigurationPlatforms) = postSolution
		{55B88159-1470-4633-BD03-D22314537952}.Debug|Any CPU.ActiveCfg = Debug|Any CPU
		{55B88159-1470-4633-BD03-D22314537952}.Debug|Any CPU.Build.0 = Debug|Any CPU
		{55B88159-1470-4633-BD03-D22314537952}.Release|Any CPU.ActiveCfg = Release|Any CPU
		{55B88159-1470-4633-BD03-D22314537952}.Release|Any CPU.Build.0 = Release|Any CPU
	EndGlobalSection
	GlobalSection(SolutionProperties) = preSolution
		HideSolutionNode = FALSE
	EndGlobalSection
	GlobalSection(ExtensibilityGlobals) = postSolution
		SolutionGuid = {541354B1-352D-401E-A3EF-08F284EC1EC5}
	EndGlobalSection
EndGlobal
